
Microsoft Visual Studio Solution File, Format Version 12.00
# Visual Studio Version 17
VisualStudioVersion = 17.0.31903.59
MinimumVisualStudioVersion = 10.0.40219.1
Project("{9A19103F-16F7-4668-BE54-9A1E7A4F7556}") = "workshop.sample1", "workshop.sample1\workshop.sample1.csproj", "{EE2A94FD-338C-4A5F-A326-F9EB1AD4EC8A}"
EndProject
Project("{9A19103F-16F7-4668-BE54-9A1E7A4F7556}") = "workshop.tests", "workshop.tests\workshop.tests.csproj", "{B6C03833-0494-4BDE-82FB-8432F29C4CF8}"
EndProject
Global
	GlobalSection(SolutionConfigurationPlatforms) = preSolution
		Debug|Any CPU = Debug|Any CPU
		Release|Any CPU = Release|Any CPU
	EndGlobalSection
	GlobalSection(ProjectConfigurationPlatforms) = postSolution
		{EE2A94FD-338C-4A5F-A326-F9EB1AD4EC8A}.Debug|Any CPU.ActiveCfg = Debug|Any CPU
		{EE2A94FD-338C-4A5F-A326-F9EB1AD4EC8A}.Debug|Any CPU.Build.0 = Debug|Any CPU
		{EE2A94FD-338C-4A5F-A326-F9EB1AD4EC8A}.Release|Any CPU.ActiveCfg = Release|Any CPU
		{EE2A94FD-338C-4A5F-A326-F9EB1AD4EC8A}.Release|Any CPU.Build.0 = Release|Any CPU
		{B6C03833-0494-4BDE-82FB-8432F29C4CF8}.Debug|Any CPU.ActiveCfg = Debug|Any CPU
		{B6C03833-0494-4BDE-82FB-8432F29C4CF8}.Debug|Any CPU.Build.0 = Debug|Any CPU
		{B6C03833-0494-4BDE-82FB-8432F29C4CF8}.Release|Any CPU.ActiveCfg = Release|Any CPU
		{B6C03833-0494-4BDE-82FB-8432F29C4CF8}.Release|Any CPU.Build.0 = Release|Any CPU
	EndGlobalSection
	GlobalSection(SolutionProperties) = preSolution
		HideSolutionNode = FALSE
	EndGlobalSection
EndGlobal
